
Microsoft Visual Studio Solution File, Format Version 12.00
# Visual Studio Version 17
VisualStudioVersion = 17.8.34525.116
MinimumVisualStudioVersion = 10.0.40219.1
Project("{9A19103F-16F7-4668-BE54-9A1E7A4F7556}") = "WebIfcDotNetTests", "WebIfcDotNetTests\WebIfcDotNetTests.csproj", "{0248DC22-1560-498E-9607-EAC7A379C58A}"
EndProject
Project("{8BC9CEB8-8B4A-11D0-8D11-00A0C91BC942}") = "WebIfcClrWrapper", "WebIfcClrWrapper\WebIfcClrWrapper.vcxproj", "{A93F4843-D573-42AA-8FA0-1B563834374B}"
EndProject
Project("{2150E333-8FDC-42A3-9474-1A3956D46DE8}") = "solution items", "solution items", "{167C01C1-B561-42F8-8E09-4781DC11BA5D}"
	ProjectSection(SolutionItems) = preProject
		..\LICENSE = ..\LICENSE
		..\README.md = ..\README.md
	EndProjectSection
EndProject
Project("{9A19103F-16F7-4668-BE54-9A1E7A4F7556}") = "Ara3D.Speckle.Wpf", "..\..\speckle-desktop\Ara3D.Speckle\Ara3D.Speckle.Wpf\Ara3D.Speckle.Wpf.csproj", "{EDE33971-EBF3-4F6A-A50E-65DB7F678928}"
EndProject
Project("{9A19103F-16F7-4668-BE54-9A1E7A4F7556}") = "Ara3D.Speckle.Data", "..\..\speckle-desktop\Ara3D.Speckle\Ara3D.Speckle.Data\Ara3D.Speckle.Data.csproj", "{BC471FC1-B125-4AAF-9B85-66752E68227A}"
EndProject
Project("{FAE04EC0-301F-11D3-BF4B-00C04F79EFBC}") = "WebIfcDotNet", "WebIfcDotNet\WebIfcDotNet.csproj", "{0D6CC5A7-150E-4051-AD08-6AA7751756AB}"
EndProject
Global
	GlobalSection(SolutionConfigurationPlatforms) = preSolution
		Debug|Any CPU = Debug|Any CPU
		Debug|x64 = Debug|x64
		Debug|x86 = Debug|x86
		MinSizeRel|Any CPU = MinSizeRel|Any CPU
		MinSizeRel|x64 = MinSizeRel|x64
		MinSizeRel|x86 = MinSizeRel|x86
		Release|Any CPU = Release|Any CPU
		Release|x64 = Release|x64
		Release|x86 = Release|x86
		RelWithDebInfo|Any CPU = RelWithDebInfo|Any CPU
		RelWithDebInfo|x64 = RelWithDebInfo|x64
		RelWithDebInfo|x86 = RelWithDebInfo|x86
	EndGlobalSection
	GlobalSection(ProjectConfigurationPlatforms) = postSolution
		{0248DC22-1560-498E-9607-EAC7A379C58A}.Debug|Any CPU.ActiveCfg = Debug|Any CPU
		{0248DC22-1560-498E-9607-EAC7A379C58A}.Debug|Any CPU.Build.0 = Debug|Any CPU
		{0248DC22-1560-498E-9607-EAC7A379C58A}.Debug|x64.ActiveCfg = Debug|Any CPU
		{0248DC22-1560-498E-9607-EAC7A379C58A}.Debug|x64.Build.0 = Debug|Any CPU
		{0248DC22-1560-498E-9607-EAC7A379C58A}.Debug|x86.ActiveCfg = Debug|Any CPU
		{0248DC22-1560-498E-9607-EAC7A379C58A}.Debug|x86.Build.0 = Debug|Any CPU
		{0248DC22-1560-498E-9607-EAC7A379C58A}.MinSizeRel|Any CPU.ActiveCfg = Debug|Any CPU
		{0248DC22-1560-498E-9607-EAC7A379C58A}.MinSizeRel|Any CPU.Build.0 = Debug|Any CPU
		{0248DC22-1560-498E-9607-EAC7A379C58A}.MinSizeRel|x64.ActiveCfg = Debug|Any CPU
		{0248DC22-1560-498E-9607-EAC7A379C58A}.MinSizeRel|x64.Build.0 = Debug|Any CPU
		{0248DC22-1560-498E-9607-EAC7A379C58A}.MinSizeRel|x86.ActiveCfg = Debug|Any CPU
		{0248DC22-1560-498E-9607-EAC7A379C58A}.MinSizeRel|x86.Build.0 = Debug|Any CPU
		{0248DC22-1560-498E-9607-EAC7A379C58A}.Release|Any CPU.ActiveCfg = Release|Any CPU
		{0248DC22-1560-498E-9607-EAC7A379C58A}.Release|Any CPU.Build.0 = Release|Any CPU
		{0248DC22-1560-498E-9607-EAC7A379C58A}.Release|x64.ActiveCfg = Release|Any CPU
		{0248DC22-1560-498E-9607-EAC7A379C58A}.Release|x64.Build.0 = Release|Any CPU
		{0248DC22-1560-498E-9607-EAC7A379C58A}.Release|x86.ActiveCfg = Release|Any CPU
		{0248DC22-1560-498E-9607-EAC7A379C58A}.Release|x86.Build.0 = Release|Any CPU
		{0248DC22-1560-498E-9607-EAC7A379C58A}.RelWithDebInfo|Any CPU.ActiveCfg = Release|Any CPU
		{0248DC22-1560-498E-9607-EAC7A379C58A}.RelWithDebInfo|Any CPU.Build.0 = Release|Any CPU
		{0248DC22-1560-498E-9607-EAC7A379C58A}.RelWithDebInfo|x64.ActiveCfg = Release|Any CPU
		{0248DC22-1560-498E-9607-EAC7A379C58A}.RelWithDebInfo|x64.Build.0 = Release|Any CPU
		{0248DC22-1560-498E-9607-EAC7A379C58A}.RelWithDebInfo|x86.ActiveCfg = Release|Any CPU
		{0248DC22-1560-498E-9607-EAC7A379C58A}.RelWithDebInfo|x86.Build.0 = Release|Any CPU
		{A93F4843-D573-42AA-8FA0-1B563834374B}.Debug|Any CPU.ActiveCfg = Debug|x64
		{A93F4843-D573-42AA-8FA0-1B563834374B}.Debug|Any CPU.Build.0 = Debug|x64
		{A93F4843-D573-42AA-8FA0-1B563834374B}.Debug|x64.ActiveCfg = Debug|x64
		{A93F4843-D573-42AA-8FA0-1B563834374B}.Debug|x64.Build.0 = Debug|x64
		{A93F4843-D573-42AA-8FA0-1B563834374B}.Debug|x86.ActiveCfg = Debug|x64
		{A93F4843-D573-42AA-8FA0-1B563834374B}.Debug|x86.Build.0 = Debug|x64
		{A93F4843-D573-42AA-8FA0-1B563834374B}.MinSizeRel|Any CPU.ActiveCfg = MinSizeRel|x64
		{A93F4843-D573-42AA-8FA0-1B563834374B}.MinSizeRel|Any CPU.Build.0 = MinSizeRel|x64
		{A93F4843-D573-42AA-8FA0-1B563834374B}.MinSizeRel|x64.ActiveCfg = MinSizeRel|x64
		{A93F4843-D573-42AA-8FA0-1B563834374B}.MinSizeRel|x64.Build.0 = MinSizeRel|x64
		{A93F4843-D573-42AA-8FA0-1B563834374B}.MinSizeRel|x86.ActiveCfg = MinSizeRel|x64
		{A93F4843-D573-42AA-8FA0-1B563834374B}.MinSizeRel|x86.Build.0 = MinSizeRel|x64
		{A93F4843-D573-42AA-8FA0-1B563834374B}.Release|Any CPU.ActiveCfg = Release|x64
		{A93F4843-D573-42AA-8FA0-1B563834374B}.Release|Any CPU.Build.0 = Release|x64
		{A93F4843-D573-42AA-8FA0-1B563834374B}.Release|x64.ActiveCfg = Release|x64
		{A93F4843-D573-42AA-8FA0-1B563834374B}.Release|x64.Build.0 = Release|x64
		{A93F4843-D573-42AA-8FA0-1B563834374B}.Release|x86.ActiveCfg = Release|x64
		{A93F4843-D573-42AA-8FA0-1B563834374B}.Release|x86.Build.0 = Release|x64
		{A93F4843-D573-42AA-8FA0-1B563834374B}.RelWithDebInfo|Any CPU.ActiveCfg = RelWithDebInfo|x64
		{A93F4843-D573-42AA-8FA0-1B563834374B}.RelWithDebInfo|Any CPU.Build.0 = RelWithDebInfo|x64
		{A93F4843-D573-42AA-8FA0-1B563834374B}.RelWithDebInfo|x64.ActiveCfg = RelWithDebInfo|x64
		{A93F4843-D573-42AA-8FA0-1B563834374B}.RelWithDebInfo|x64.Build.0 = RelWithDebInfo|x64
		{A93F4843-D573-42AA-8FA0-1B563834374B}.RelWithDebInfo|x86.ActiveCfg = RelWithDebInfo|x64
		{A93F4843-D573-42AA-8FA0-1B563834374B}.RelWithDebInfo|x86.Build.0 = RelWithDebInfo|x64
		{EDE33971-EBF3-4F6A-A50E-65DB7F678928}.Debug|Any CPU.ActiveCfg = Debug|Any CPU
		{EDE33971-EBF3-4F6A-A50E-65DB7F678928}.Debug|Any CPU.Build.0 = Debug|Any CPU
		{EDE33971-EBF3-4F6A-A50E-65DB7F678928}.Debug|x64.ActiveCfg = Debug|Any CPU
		{EDE33971-EBF3-4F6A-A50E-65DB7F678928}.Debug|x64.Build.0 = Debug|Any CPU
		{EDE33971-EBF3-4F6A-A50E-65DB7F678928}.Debug|x86.ActiveCfg = Debug|Any CPU
		{EDE33971-EBF3-4F6A-A50E-65DB7F678928}.Debug|x86.Build.0 = Debug|Any CPU
		{EDE33971-EBF3-4F6A-A50E-65DB7F678928}.MinSizeRel|Any CPU.ActiveCfg = Debug|Any CPU
		{EDE33971-EBF3-4F6A-A50E-65DB7F678928}.MinSizeRel|Any CPU.Build.0 = Debug|Any CPU
		{EDE33971-EBF3-4F6A-A50E-65DB7F678928}.MinSizeRel|x64.ActiveCfg = Debug|Any CPU
		{EDE33971-EBF3-4F6A-A50E-65DB7F678928}.MinSizeRel|x64.Build.0 = Debug|Any CPU
		{EDE33971-EBF3-4F6A-A50E-65DB7F678928}.MinSizeRel|x86.ActiveCfg = Debug|Any CPU
		{EDE33971-EBF3-4F6A-A50E-65DB7F678928}.MinSizeRel|x86.Build.0 = Debug|Any CPU
		{EDE33971-EBF3-4F6A-A50E-65DB7F678928}.Release|Any CPU.ActiveCfg = Release|Any CPU
		{EDE33971-EBF3-4F6A-A50E-65DB7F678928}.Release|Any CPU.Build.0 = Release|Any CPU
		{EDE33971-EBF3-4F6A-A50E-65DB7F678928}.Release|x64.ActiveCfg = Release|Any CPU
		{EDE33971-EBF3-4F6A-A50E-65DB7F678928}.Release|x64.Build.0 = Release|Any CPU
		{EDE33971-EBF3-4F6A-A50E-65DB7F678928}.Release|x86.ActiveCfg = Release|Any CPU
		{EDE33971-EBF3-4F6A-A50E-65DB7F678928}.Release|x86.Build.0 = Release|Any CPU
		{EDE33971-EBF3-4F6A-A50E-65DB7F678928}.RelWithDebInfo|Any CPU.ActiveCfg = Release|Any CPU
		{EDE33971-EBF3-4F6A-A50E-65DB7F678928}.RelWithDebInfo|Any CPU.Build.0 = Release|Any CPU
		{EDE33971-EBF3-4F6A-A50E-65DB7F678928}.RelWithDebInfo|x64.ActiveCfg = Release|Any CPU
		{EDE33971-EBF3-4F6A-A50E-65DB7F678928}.RelWithDebInfo|x64.Build.0 = Release|Any CPU
		{EDE33971-EBF3-4F6A-A50E-65DB7F678928}.RelWithDebInfo|x86.ActiveCfg = Release|Any CPU
		{EDE33971-EBF3-4F6A-A50E-65DB7F678928}.RelWithDebInfo|x86.Build.0 = Release|Any CPU
		{BC471FC1-B125-4AAF-9B85-66752E68227A}.Debug|Any CPU.ActiveCfg = Debug|Any CPU
		{BC471FC1-B125-4AAF-9B85-66752E68227A}.Debug|Any CPU.Build.0 = Debug|Any CPU
		{BC471FC1-B125-4AAF-9B85-66752E68227A}.Debug|x64.ActiveCfg = Debug|Any CPU
		{BC471FC1-B125-4AAF-9B85-66752E68227A}.Debug|x64.Build.0 = Debug|Any CPU
		{BC471FC1-B125-4AAF-9B85-66752E68227A}.Debug|x86.ActiveCfg = Debug|Any CPU
		{BC471FC1-B125-4AAF-9B85-66752E68227A}.Debug|x86.Build.0 = Debug|Any CPU
		{BC471FC1-B125-4AAF-9B85-66752E68227A}.MinSizeRel|Any CPU.ActiveCfg = Debug|Any CPU
		{BC471FC1-B125-4AAF-9B85-66752E68227A}.MinSizeRel|Any CPU.Build.0 = Debug|Any CPU
		{BC471FC1-B125-4AAF-9B85-66752E68227A}.MinSizeRel|x64.ActiveCfg = Debug|Any CPU
		{BC471FC1-B125-4AAF-9B85-66752E68227A}.MinSizeRel|x64.Build.0 = Debug|Any CPU
		{BC471FC1-B125-4AAF-9B85-66752E68227A}.MinSizeRel|x86.ActiveCfg = Debug|Any CPU
		{BC471FC1-B125-4AAF-9B85-66752E68227A}.MinSizeRel|x86.Build.0 = Debug|Any CPU
		{BC471FC1-B125-4AAF-9B85-66752E68227A}.Release|Any CPU.ActiveCfg = Release|Any CPU
		{BC471FC1-B125-4AAF-9B85-66752E68227A}.Release|Any CPU.Build.0 = Release|Any CPU
		{BC471FC1-B125-4AAF-9B85-66752E68227A}.Release|x64.ActiveCfg = Release|Any CPU
		{BC471FC1-B125-4AAF-9B85-66752E68227A}.Release|x64.Build.0 = Release|Any CPU
		{BC471FC1-B125-4AAF-9B85-66752E68227A}.Release|x86.ActiveCfg = Release|Any CPU
		{BC471FC1-B125-4AAF-9B85-66752E68227A}.Release|x86.Build.0 = Release|Any CPU
		{BC471FC1-B125-4AAF-9B85-66752E68227A}.RelWithDebInfo|Any CPU.ActiveCfg = Release|Any CPU
		{BC471FC1-B125-4AAF-9B85-66752E68227A}.RelWithDebInfo|Any CPU.Build.0 = Release|Any CPU
		{BC471FC1-B125-4AAF-9B85-66752E68227A}.RelWithDebInfo|x64.ActiveCfg = Release|Any CPU
		{BC471FC1-B125-4AAF-9B85-66752E68227A}.RelWithDebInfo|x64.Build.0 = Release|Any CPU
		{BC471FC1-B125-4AAF-9B85-66752E68227A}.RelWithDebInfo|x86.ActiveCfg = Release|Any CPU
		{BC471FC1-B125-4AAF-9B85-66752E68227A}.RelWithDebInfo|x86.Build.0 = Release|Any CPU
		{0D6CC5A7-150E-4051-AD08-6AA7751756AB}.Debug|Any CPU.ActiveCfg = Debug|Any CPU
		{0D6CC5A7-150E-4051-AD08-6AA7751756AB}.Debug|Any CPU.Build.0 = Debug|Any CPU
		{0D6CC5A7-150E-4051-AD08-6AA7751756AB}.Debug|x64.ActiveCfg = Debug|Any CPU
		{0D6CC5A7-150E-4051-AD08-6AA7751756AB}.Debug|x64.Build.0 = Debug|Any CPU
		{0D6CC5A7-150E-4051-AD08-6AA7751756AB}.Debug|x86.ActiveCfg = Debug|Any CPU
		{0D6CC5A7-150E-4051-AD08-6AA7751756AB}.Debug|x86.Build.0 = Debug|Any CPU
		{0D6CC5A7-150E-4051-AD08-6AA7751756AB}.MinSizeRel|Any CPU.ActiveCfg = Debug|Any CPU
		{0D6CC5A7-150E-4051-AD08-6AA7751756AB}.MinSizeRel|Any CPU.Build.0 = Debug|Any CPU
		{0D6CC5A7-150E-4051-AD08-6AA7751756AB}.MinSizeRel|x64.ActiveCfg = Debug|Any CPU
		{0D6CC5A7-150E-4051-AD08-6AA7751756AB}.MinSizeRel|x64.Build.0 = Debug|Any CPU
		{0D6CC5A7-150E-4051-AD08-6AA7751756AB}.MinSizeRel|x86.ActiveCfg = Debug|Any CPU
		{0D6CC5A7-150E-4051-AD08-6AA7751756AB}.MinSizeRel|x86.Build.0 = Debug|Any CPU
		{0D6CC5A7-150E-4051-AD08-6AA7751756AB}.Release|Any CPU.ActiveCfg = Release|Any CPU
		{0D6CC5A7-150E-4051-AD08-6AA7751756AB}.Release|Any CPU.Build.0 = Release|Any CPU
		{0D6CC5A7-150E-4051-AD08-6AA7751756AB}.Release|x64.ActiveCfg = Release|Any CPU
		{0D6CC5A7-150E-4051-AD08-6AA7751756AB}.Release|x64.Build.0 = Release|Any CPU
		{0D6CC5A7-150E-4051-AD08-6AA7751756AB}.Release|x86.ActiveCfg = Release|Any CPU
		{0D6CC5A7-150E-4051-AD08-6AA7751756AB}.Release|x86.Build.0 = Release|Any CPU
		{0D6CC5A7-150E-4051-AD08-6AA7751756AB}.RelWithDebInfo|Any CPU.ActiveCfg = Release|Any CPU
		{0D6CC5A7-150E-4051-AD08-6AA7751756AB}.RelWithDebInfo|Any CPU.Build.0 = Release|Any CPU
		{0D6CC5A7-150E-4051-AD08-6AA7751756AB}.RelWithDebInfo|x64.ActiveCfg = Release|Any CPU
		{0D6CC5A7-150E-4051-AD08-6AA7751756AB}.RelWithDebInfo|x64.Build.0 = Release|Any CPU
		{0D6CC5A7-150E-4051-AD08-6AA7751756AB}.RelWithDebInfo|x86.ActiveCfg = Release|Any CPU
		{0D6CC5A7-150E-4051-AD08-6AA7751756AB}.RelWithDebInfo|x86.Build.0 = Release|Any CPU
	EndGlobalSection
	GlobalSection(SolutionProperties) = preSolution
		HideSolutionNode = FALSE
	EndGlobalSection
	GlobalSection(ExtensibilityGlobals) = postSolution
		SolutionGuid = {3B1C9103-2BF5-466A-A52F-8AA64F1D702A}
	EndGlobalSection
EndGlobal
