
Microsoft Visual Studio Solution File, Format Version 12.00
# Visual Studio Version 17
VisualStudioVersion = 17.8.34525.116
MinimumVisualStudioVersion = 10.0.40219.1
Project("{9A19103F-16F7-4668-BE54-9A1E7A4F7556}") = "WebIfcDotNetTests", "WebIfcDotNetTests\WebIfcDotNetTests.csproj", "{0248DC22-1560-498E-9607-EAC7A379C58A}"
EndProject
Project("{8BC9CEB8-8B4A-11D0-8D11-00A0C91BC942}") = "WebIfcClrWrapper", "WebIfcClrWrapper\WebIfcClrWrapper.vcxproj", "{A93F4843-D573-42AA-8FA0-1B563834374B}"
EndProject
Project("{2150E333-8FDC-42A3-9474-1A3956D46DE8}") = "solution items", "solution items", "{167C01C1-B561-42F8-8E09-4781DC11BA5D}"
	ProjectSection(SolutionItems) = preProject
		..\LICENSE = ..\LICENSE
		..\README.md = ..\README.md
	EndProjectSection
EndProject
Project("{9A19103F-16F7-4668-BE54-9A1E7A4F7556}") = "WebIfcDotNet", "WebIfcDotNet\WebIfcDotNet.csproj", "{0D6CC5A7-150E-4051-AD08-6AA7751756AB}"
EndProject
Project("{9A19103F-16F7-4668-BE54-9A1E7A4F7556}") = "Ara3D.Speckle.Data", "Ara3D.Speckle.Data\Ara3D.Speckle.Data.csproj", "{387F98EA-1FA4-46AD-AA2D-86EE5E2531A9}"
EndProject
Project("{9A19103F-16F7-4668-BE54-9A1E7A4F7556}") = "Ara3D.Speckle.Wpf", "Ara3D.Speckle.Wpf\Ara3D.Speckle.Wpf.csproj", "{572DFE94-2C9D-4649-90EC-B58334367E76}"
EndProject
Project("{2150E333-8FDC-42A3-9474-1A3956D46DE8}") = "External", "External", "{DD167A0A-8E4E-4CB9-A0A2-EC56C68CB07A}"
EndProject
Project("{8BC9CEB8-8B4A-11D0-8D11-00A0C91BC942}") = "WebIfcDll", "WebIfcDll\WebIfcDll.vcxproj", "{F7C0FA7A-CA69-40E5-9DCD-BFD9E67C5612}"
EndProject
Project("{9A19103F-16F7-4668-BE54-9A1E7A4F7556}") = "Ara3D.IfcParser", "..\..\ara3d\IFC-toolkit\Ara3D.IfcParser\Ara3D.IfcParser.csproj", "{C7600AA0-75F8-4D94-AC87-7DAB65CD6F5F}"
EndProject
Project("{9A19103F-16F7-4668-BE54-9A1E7A4F7556}") = "Ara3D.IfcParser.Test", "..\..\ara3d\IFC-toolkit\Ara3D.IfcParser.Test\Ara3D.IfcParser.Test.csproj", "{A48D8AA7-1162-4CB0-8D74-4AC65474E15A}"
EndProject
Global
	GlobalSection(SolutionConfigurationPlatforms) = preSolution
		Debug|Any CPU = Debug|Any CPU
		Debug|x64 = Debug|x64
		Debug|x86 = Debug|x86
		MinSizeRel|Any CPU = MinSizeRel|Any CPU
		MinSizeRel|x64 = MinSizeRel|x64
		MinSizeRel|x86 = MinSizeRel|x86
		Release|Any CPU = Release|Any CPU
		Release|x64 = Release|x64
		Release|x86 = Release|x86
		RelWithDebInfo|Any CPU = RelWithDebInfo|Any CPU
		RelWithDebInfo|x64 = RelWithDebInfo|x64
		RelWithDebInfo|x86 = RelWithDebInfo|x86
	EndGlobalSection
	GlobalSection(ProjectConfigurationPlatforms) = postSolution
		{0248DC22-1560-498E-9607-EAC7A379C58A}.Debug|Any CPU.ActiveCfg = Debug|Any CPU
		{0248DC22-1560-498E-9607-EAC7A379C58A}.Debug|Any CPU.Build.0 = Debug|Any CPU
		{0248DC22-1560-498E-9607-EAC7A379C58A}.Debug|x64.ActiveCfg = Debug|Any CPU
		{0248DC22-1560-498E-9607-EAC7A379C58A}.Debug|x64.Build.0 = Debug|Any CPU
		{0248DC22-1560-498E-9607-EAC7A379C58A}.Debug|x86.ActiveCfg = Debug|Any CPU
		{0248DC22-1560-498E-9607-EAC7A379C58A}.Debug|x86.Build.0 = Debug|Any CPU
		{0248DC22-1560-498E-9607-EAC7A379C58A}.MinSizeRel|Any CPU.ActiveCfg = Debug|Any CPU
		{0248DC22-1560-498E-9607-EAC7A379C58A}.MinSizeRel|Any CPU.Build.0 = Debug|Any CPU
		{0248DC22-1560-498E-9607-EAC7A379C58A}.MinSizeRel|x64.ActiveCfg = Debug|Any CPU
		{0248DC22-1560-498E-9607-EAC7A379C58A}.MinSizeRel|x64.Build.0 = Debug|Any CPU
		{0248DC22-1560-498E-9607-EAC7A379C58A}.MinSizeRel|x86.ActiveCfg = Debug|Any CPU
		{0248DC22-1560-498E-9607-EAC7A379C58A}.MinSizeRel|x86.Build.0 = Debug|Any CPU
		{0248DC22-1560-498E-9607-EAC7A379C58A}.Release|Any CPU.ActiveCfg = Release|Any CPU
		{0248DC22-1560-498E-9607-EAC7A379C58A}.Release|Any CPU.Build.0 = Release|Any CPU
		{0248DC22-1560-498E-9607-EAC7A379C58A}.Release|x64.ActiveCfg = Release|Any CPU
		{0248DC22-1560-498E-9607-EAC7A379C58A}.Release|x64.Build.0 = Release|Any CPU
		{0248DC22-1560-498E-9607-EAC7A379C58A}.Release|x86.ActiveCfg = Release|Any CPU
		{0248DC22-1560-498E-9607-EAC7A379C58A}.Release|x86.Build.0 = Release|Any CPU
		{0248DC22-1560-498E-9607-EAC7A379C58A}.RelWithDebInfo|Any CPU.ActiveCfg = Release|Any CPU
		{0248DC22-1560-498E-9607-EAC7A379C58A}.RelWithDebInfo|Any CPU.Build.0 = Release|Any CPU
		{0248DC22-1560-498E-9607-EAC7A379C58A}.RelWithDebInfo|x64.ActiveCfg = Release|Any CPU
		{0248DC22-1560-498E-9607-EAC7A379C58A}.RelWithDebInfo|x64.Build.0 = Release|Any CPU
		{0248DC22-1560-498E-9607-EAC7A379C58A}.RelWithDebInfo|x86.ActiveCfg = Release|Any CPU
		{0248DC22-1560-498E-9607-EAC7A379C58A}.RelWithDebInfo|x86.Build.0 = Release|Any CPU
		{A93F4843-D573-42AA-8FA0-1B563834374B}.Debug|Any CPU.ActiveCfg = Debug|x64
		{A93F4843-D573-42AA-8FA0-1B563834374B}.Debug|Any CPU.Build.0 = Debug|x64
		{A93F4843-D573-42AA-8FA0-1B563834374B}.Debug|x64.ActiveCfg = Debug|x64
		{A93F4843-D573-42AA-8FA0-1B563834374B}.Debug|x64.Build.0 = Debug|x64
		{A93F4843-D573-42AA-8FA0-1B563834374B}.Debug|x86.ActiveCfg = Debug|x64
		{A93F4843-D573-42AA-8FA0-1B563834374B}.Debug|x86.Build.0 = Debug|x64
		{A93F4843-D573-42AA-8FA0-1B563834374B}.MinSizeRel|Any CPU.ActiveCfg = MinSizeRel|x64
		{A93F4843-D573-42AA-8FA0-1B563834374B}.MinSizeRel|Any CPU.Build.0 = MinSizeRel|x64
		{A93F4843-D573-42AA-8FA0-1B563834374B}.MinSizeRel|x64.ActiveCfg = MinSizeRel|x64
		{A93F4843-D573-42AA-8FA0-1B563834374B}.MinSizeRel|x64.Build.0 = MinSizeRel|x64
		{A93F4843-D573-42AA-8FA0-1B563834374B}.MinSizeRel|x86.ActiveCfg = MinSizeRel|x64
		{A93F4843-D573-42AA-8FA0-1B563834374B}.MinSizeRel|x86.Build.0 = MinSizeRel|x64
		{A93F4843-D573-42AA-8FA0-1B563834374B}.Release|Any CPU.ActiveCfg = Release|x64
		{A93F4843-D573-42AA-8FA0-1B563834374B}.Release|Any CPU.Build.0 = Release|x64
		{A93F4843-D573-42AA-8FA0-1B563834374B}.Release|x64.ActiveCfg = Release|x64
		{A93F4843-D573-42AA-8FA0-1B563834374B}.Release|x64.Build.0 = Release|x64
		{A93F4843-D573-42AA-8FA0-1B563834374B}.Release|x86.ActiveCfg = Release|x64
		{A93F4843-D573-42AA-8FA0-1B563834374B}.Release|x86.Build.0 = Release|x64
		{A93F4843-D573-42AA-8FA0-1B563834374B}.RelWithDebInfo|Any CPU.ActiveCfg = RelWithDebInfo|x64
		{A93F4843-D573-42AA-8FA0-1B563834374B}.RelWithDebInfo|Any CPU.Build.0 = RelWithDebInfo|x64
		{A93F4843-D573-42AA-8FA0-1B563834374B}.RelWithDebInfo|x64.ActiveCfg = RelWithDebInfo|x64
		{A93F4843-D573-42AA-8FA0-1B563834374B}.RelWithDebInfo|x64.Build.0 = RelWithDebInfo|x64
		{A93F4843-D573-42AA-8FA0-1B563834374B}.RelWithDebInfo|x86.ActiveCfg = RelWithDebInfo|x64
		{A93F4843-D573-42AA-8FA0-1B563834374B}.RelWithDebInfo|x86.Build.0 = RelWithDebInfo|x64
		{0D6CC5A7-150E-4051-AD08-6AA7751756AB}.Debug|Any CPU.ActiveCfg = Debug|Any CPU
		{0D6CC5A7-150E-4051-AD08-6AA7751756AB}.Debug|Any CPU.Build.0 = Debug|Any CPU
		{0D6CC5A7-150E-4051-AD08-6AA7751756AB}.Debug|x64.ActiveCfg = Debug|Any CPU
		{0D6CC5A7-150E-4051-AD08-6AA7751756AB}.Debug|x64.Build.0 = Debug|Any CPU
		{0D6CC5A7-150E-4051-AD08-6AA7751756AB}.Debug|x86.ActiveCfg = Debug|Any CPU
		{0D6CC5A7-150E-4051-AD08-6AA7751756AB}.Debug|x86.Build.0 = Debug|Any CPU
		{0D6CC5A7-150E-4051-AD08-6AA7751756AB}.MinSizeRel|Any CPU.ActiveCfg = Debug|Any CPU
		{0D6CC5A7-150E-4051-AD08-6AA7751756AB}.MinSizeRel|Any CPU.Build.0 = Debug|Any CPU
		{0D6CC5A7-150E-4051-AD08-6AA7751756AB}.MinSizeRel|x64.ActiveCfg = Debug|Any CPU
		{0D6CC5A7-150E-4051-AD08-6AA7751756AB}.MinSizeRel|x64.Build.0 = Debug|Any CPU
		{0D6CC5A7-150E-4051-AD08-6AA7751756AB}.MinSizeRel|x86.ActiveCfg = Debug|Any CPU
		{0D6CC5A7-150E-4051-AD08-6AA7751756AB}.MinSizeRel|x86.Build.0 = Debug|Any CPU
		{0D6CC5A7-150E-4051-AD08-6AA7751756AB}.Release|Any CPU.ActiveCfg = Release|Any CPU
		{0D6CC5A7-150E-4051-AD08-6AA7751756AB}.Release|Any CPU.Build.0 = Release|Any CPU
		{0D6CC5A7-150E-4051-AD08-6AA7751756AB}.Release|x64.ActiveCfg = Release|Any CPU
		{0D6CC5A7-150E-4051-AD08-6AA7751756AB}.Release|x64.Build.0 = Release|Any CPU
		{0D6CC5A7-150E-4051-AD08-6AA7751756AB}.Release|x86.ActiveCfg = Release|Any CPU
		{0D6CC5A7-150E-4051-AD08-6AA7751756AB}.Release|x86.Build.0 = Release|Any CPU
		{0D6CC5A7-150E-4051-AD08-6AA7751756AB}.RelWithDebInfo|Any CPU.ActiveCfg = Release|Any CPU
		{0D6CC5A7-150E-4051-AD08-6AA7751756AB}.RelWithDebInfo|Any CPU.Build.0 = Release|Any CPU
		{0D6CC5A7-150E-4051-AD08-6AA7751756AB}.RelWithDebInfo|x64.ActiveCfg = Release|Any CPU
		{0D6CC5A7-150E-4051-AD08-6AA7751756AB}.RelWithDebInfo|x64.Build.0 = Release|Any CPU
		{0D6CC5A7-150E-4051-AD08-6AA7751756AB}.RelWithDebInfo|x86.ActiveCfg = Release|Any CPU
		{0D6CC5A7-150E-4051-AD08-6AA7751756AB}.RelWithDebInfo|x86.Build.0 = Release|Any CPU
		{387F98EA-1FA4-46AD-AA2D-86EE5E2531A9}.Debug|Any CPU.ActiveCfg = Debug|Any CPU
		{387F98EA-1FA4-46AD-AA2D-86EE5E2531A9}.Debug|Any CPU.Build.0 = Debug|Any CPU
		{387F98EA-1FA4-46AD-AA2D-86EE5E2531A9}.Debug|x64.ActiveCfg = Debug|Any CPU
		{387F98EA-1FA4-46AD-AA2D-86EE5E2531A9}.Debug|x64.Build.0 = Debug|Any CPU
		{387F98EA-1FA4-46AD-AA2D-86EE5E2531A9}.Debug|x86.ActiveCfg = Debug|Any CPU
		{387F98EA-1FA4-46AD-AA2D-86EE5E2531A9}.Debug|x86.Build.0 = Debug|Any CPU
		{387F98EA-1FA4-46AD-AA2D-86EE5E2531A9}.MinSizeRel|Any CPU.ActiveCfg = Debug|Any CPU
		{387F98EA-1FA4-46AD-AA2D-86EE5E2531A9}.MinSizeRel|Any CPU.Build.0 = Debug|Any CPU
		{387F98EA-1FA4-46AD-AA2D-86EE5E2531A9}.MinSizeRel|x64.ActiveCfg = Debug|Any CPU
		{387F98EA-1FA4-46AD-AA2D-86EE5E2531A9}.MinSizeRel|x64.Build.0 = Debug|Any CPU
		{387F98EA-1FA4-46AD-AA2D-86EE5E2531A9}.MinSizeRel|x86.ActiveCfg = Debug|Any CPU
		{387F98EA-1FA4-46AD-AA2D-86EE5E2531A9}.MinSizeRel|x86.Build.0 = Debug|Any CPU
		{387F98EA-1FA4-46AD-AA2D-86EE5E2531A9}.Release|Any CPU.ActiveCfg = Release|Any CPU
		{387F98EA-1FA4-46AD-AA2D-86EE5E2531A9}.Release|Any CPU.Build.0 = Release|Any CPU
		{387F98EA-1FA4-46AD-AA2D-86EE5E2531A9}.Release|x64.ActiveCfg = Release|Any CPU
		{387F98EA-1FA4-46AD-AA2D-86EE5E2531A9}.Release|x64.Build.0 = Release|Any CPU
		{387F98EA-1FA4-46AD-AA2D-86EE5E2531A9}.Release|x86.ActiveCfg = Release|Any CPU
		{387F98EA-1FA4-46AD-AA2D-86EE5E2531A9}.Release|x86.Build.0 = Release|Any CPU
		{387F98EA-1FA4-46AD-AA2D-86EE5E2531A9}.RelWithDebInfo|Any CPU.ActiveCfg = Release|Any CPU
		{387F98EA-1FA4-46AD-AA2D-86EE5E2531A9}.RelWithDebInfo|Any CPU.Build.0 = Release|Any CPU
		{387F98EA-1FA4-46AD-AA2D-86EE5E2531A9}.RelWithDebInfo|x64.ActiveCfg = Release|Any CPU
		{387F98EA-1FA4-46AD-AA2D-86EE5E2531A9}.RelWithDebInfo|x64.Build.0 = Release|Any CPU
		{387F98EA-1FA4-46AD-AA2D-86EE5E2531A9}.RelWithDebInfo|x86.ActiveCfg = Release|Any CPU
		{387F98EA-1FA4-46AD-AA2D-86EE5E2531A9}.RelWithDebInfo|x86.Build.0 = Release|Any CPU
		{572DFE94-2C9D-4649-90EC-B58334367E76}.Debug|Any CPU.ActiveCfg = Debug|Any CPU
		{572DFE94-2C9D-4649-90EC-B58334367E76}.Debug|Any CPU.Build.0 = Debug|Any CPU
		{572DFE94-2C9D-4649-90EC-B58334367E76}.Debug|x64.ActiveCfg = Debug|Any CPU
		{572DFE94-2C9D-4649-90EC-B58334367E76}.Debug|x64.Build.0 = Debug|Any CPU
		{572DFE94-2C9D-4649-90EC-B58334367E76}.Debug|x86.ActiveCfg = Debug|Any CPU
		{572DFE94-2C9D-4649-90EC-B58334367E76}.Debug|x86.Build.0 = Debug|Any CPU
		{572DFE94-2C9D-4649-90EC-B58334367E76}.MinSizeRel|Any CPU.ActiveCfg = Debug|Any CPU
		{572DFE94-2C9D-4649-90EC-B58334367E76}.MinSizeRel|Any CPU.Build.0 = Debug|Any CPU
		{572DFE94-2C9D-4649-90EC-B58334367E76}.MinSizeRel|x64.ActiveCfg = Debug|Any CPU
		{572DFE94-2C9D-4649-90EC-B58334367E76}.MinSizeRel|x64.Build.0 = Debug|Any CPU
		{572DFE94-2C9D-4649-90EC-B58334367E76}.MinSizeRel|x86.ActiveCfg = Debug|Any CPU
		{572DFE94-2C9D-4649-90EC-B58334367E76}.MinSizeRel|x86.Build.0 = Debug|Any CPU
		{572DFE94-2C9D-4649-90EC-B58334367E76}.Release|Any CPU.ActiveCfg = Release|Any CPU
		{572DFE94-2C9D-4649-90EC-B58334367E76}.Release|Any CPU.Build.0 = Release|Any CPU
		{572DFE94-2C9D-4649-90EC-B58334367E76}.Release|x64.ActiveCfg = Release|Any CPU
		{572DFE94-2C9D-4649-90EC-B58334367E76}.Release|x64.Build.0 = Release|Any CPU
		{572DFE94-2C9D-4649-90EC-B58334367E76}.Release|x86.ActiveCfg = Release|Any CPU
		{572DFE94-2C9D-4649-90EC-B58334367E76}.Release|x86.Build.0 = Release|Any CPU
		{572DFE94-2C9D-4649-90EC-B58334367E76}.RelWithDebInfo|Any CPU.ActiveCfg = Release|Any CPU
		{572DFE94-2C9D-4649-90EC-B58334367E76}.RelWithDebInfo|Any CPU.Build.0 = Release|Any CPU
		{572DFE94-2C9D-4649-90EC-B58334367E76}.RelWithDebInfo|x64.ActiveCfg = Release|Any CPU
		{572DFE94-2C9D-4649-90EC-B58334367E76}.RelWithDebInfo|x64.Build.0 = Release|Any CPU
		{572DFE94-2C9D-4649-90EC-B58334367E76}.RelWithDebInfo|x86.ActiveCfg = Release|Any CPU
		{572DFE94-2C9D-4649-90EC-B58334367E76}.RelWithDebInfo|x86.Build.0 = Release|Any CPU
		{F7C0FA7A-CA69-40E5-9DCD-BFD9E67C5612}.Debug|Any CPU.ActiveCfg = Debug|x64
		{F7C0FA7A-CA69-40E5-9DCD-BFD9E67C5612}.Debug|Any CPU.Build.0 = Debug|x64
		{F7C0FA7A-CA69-40E5-9DCD-BFD9E67C5612}.Debug|x64.ActiveCfg = Debug|x64
		{F7C0FA7A-CA69-40E5-9DCD-BFD9E67C5612}.Debug|x64.Build.0 = Debug|x64
		{F7C0FA7A-CA69-40E5-9DCD-BFD9E67C5612}.Debug|x86.ActiveCfg = Debug|x64
		{F7C0FA7A-CA69-40E5-9DCD-BFD9E67C5612}.Debug|x86.Build.0 = Debug|x64
		{F7C0FA7A-CA69-40E5-9DCD-BFD9E67C5612}.MinSizeRel|Any CPU.ActiveCfg = MinSizeRel|x64
		{F7C0FA7A-CA69-40E5-9DCD-BFD9E67C5612}.MinSizeRel|Any CPU.Build.0 = MinSizeRel|x64
		{F7C0FA7A-CA69-40E5-9DCD-BFD9E67C5612}.MinSizeRel|x64.ActiveCfg = MinSizeRel|x64
		{F7C0FA7A-CA69-40E5-9DCD-BFD9E67C5612}.MinSizeRel|x64.Build.0 = MinSizeRel|x64
		{F7C0FA7A-CA69-40E5-9DCD-BFD9E67C5612}.MinSizeRel|x86.ActiveCfg = MinSizeRel|x64
		{F7C0FA7A-CA69-40E5-9DCD-BFD9E67C5612}.MinSizeRel|x86.Build.0 = MinSizeRel|x64
		{F7C0FA7A-CA69-40E5-9DCD-BFD9E67C5612}.Release|Any CPU.ActiveCfg = Release|x64
		{F7C0FA7A-CA69-40E5-9DCD-BFD9E67C5612}.Release|Any CPU.Build.0 = Release|x64
		{F7C0FA7A-CA69-40E5-9DCD-BFD9E67C5612}.Release|x64.ActiveCfg = Release|x64
		{F7C0FA7A-CA69-40E5-9DCD-BFD9E67C5612}.Release|x64.Build.0 = Release|x64
		{F7C0FA7A-CA69-40E5-9DCD-BFD9E67C5612}.Release|x86.ActiveCfg = Release|x64
		{F7C0FA7A-CA69-40E5-9DCD-BFD9E67C5612}.Release|x86.Build.0 = Release|x64
		{F7C0FA7A-CA69-40E5-9DCD-BFD9E67C5612}.RelWithDebInfo|Any CPU.ActiveCfg = RelWithDebInfo|x64
		{F7C0FA7A-CA69-40E5-9DCD-BFD9E67C5612}.RelWithDebInfo|Any CPU.Build.0 = RelWithDebInfo|x64
		{F7C0FA7A-CA69-40E5-9DCD-BFD9E67C5612}.RelWithDebInfo|x64.ActiveCfg = RelWithDebInfo|x64
		{F7C0FA7A-CA69-40E5-9DCD-BFD9E67C5612}.RelWithDebInfo|x64.Build.0 = RelWithDebInfo|x64
		{F7C0FA7A-CA69-40E5-9DCD-BFD9E67C5612}.RelWithDebInfo|x86.ActiveCfg = RelWithDebInfo|x64
		{F7C0FA7A-CA69-40E5-9DCD-BFD9E67C5612}.RelWithDebInfo|x86.Build.0 = RelWithDebInfo|x64
		{C7600AA0-75F8-4D94-AC87-7DAB65CD6F5F}.Debug|Any CPU.ActiveCfg = Debug|Any CPU
		{C7600AA0-75F8-4D94-AC87-7DAB65CD6F5F}.Debug|Any CPU.Build.0 = Debug|Any CPU
		{C7600AA0-75F8-4D94-AC87-7DAB65CD6F5F}.Debug|x64.ActiveCfg = Debug|Any CPU
		{C7600AA0-75F8-4D94-AC87-7DAB65CD6F5F}.Debug|x64.Build.0 = Debug|Any CPU
		{C7600AA0-75F8-4D94-AC87-7DAB65CD6F5F}.Debug|x86.ActiveCfg = Debug|Any CPU
		{C7600AA0-75F8-4D94-AC87-7DAB65CD6F5F}.Debug|x86.Build.0 = Debug|Any CPU
		{C7600AA0-75F8-4D94-AC87-7DAB65CD6F5F}.MinSizeRel|Any CPU.ActiveCfg = Debug|Any CPU
		{C7600AA0-75F8-4D94-AC87-7DAB65CD6F5F}.MinSizeRel|Any CPU.Build.0 = Debug|Any CPU
		{C7600AA0-75F8-4D94-AC87-7DAB65CD6F5F}.MinSizeRel|x64.ActiveCfg = Debug|Any CPU
		{C7600AA0-75F8-4D94-AC87-7DAB65CD6F5F}.MinSizeRel|x64.Build.0 = Debug|Any CPU
		{C7600AA0-75F8-4D94-AC87-7DAB65CD6F5F}.MinSizeRel|x86.ActiveCfg = Debug|Any CPU
		{C7600AA0-75F8-4D94-AC87-7DAB65CD6F5F}.MinSizeRel|x86.Build.0 = Debug|Any CPU
		{C7600AA0-75F8-4D94-AC87-7DAB65CD6F5F}.Release|Any CPU.ActiveCfg = Release|Any CPU
		{C7600AA0-75F8-4D94-AC87-7DAB65CD6F5F}.Release|Any CPU.Build.0 = Release|Any CPU
		{C7600AA0-75F8-4D94-AC87-7DAB65CD6F5F}.Release|x64.ActiveCfg = Release|Any CPU
		{C7600AA0-75F8-4D94-AC87-7DAB65CD6F5F}.Release|x64.Build.0 = Release|Any CPU
		{C7600AA0-75F8-4D94-AC87-7DAB65CD6F5F}.Release|x86.ActiveCfg = Release|Any CPU
		{C7600AA0-75F8-4D94-AC87-7DAB65CD6F5F}.Release|x86.Build.0 = Release|Any CPU
		{C7600AA0-75F8-4D94-AC87-7DAB65CD6F5F}.RelWithDebInfo|Any CPU.ActiveCfg = Release|Any CPU
		{C7600AA0-75F8-4D94-AC87-7DAB65CD6F5F}.RelWithDebInfo|Any CPU.Build.0 = Release|Any CPU
		{C7600AA0-75F8-4D94-AC87-7DAB65CD6F5F}.RelWithDebInfo|x64.ActiveCfg = Release|Any CPU
		{C7600AA0-75F8-4D94-AC87-7DAB65CD6F5F}.RelWithDebInfo|x64.Build.0 = Release|Any CPU
		{C7600AA0-75F8-4D94-AC87-7DAB65CD6F5F}.RelWithDebInfo|x86.ActiveCfg = Release|Any CPU
		{C7600AA0-75F8-4D94-AC87-7DAB65CD6F5F}.RelWithDebInfo|x86.Build.0 = Release|Any CPU
		{A48D8AA7-1162-4CB0-8D74-4AC65474E15A}.Debug|Any CPU.ActiveCfg = Debug|Any CPU
		{A48D8AA7-1162-4CB0-8D74-4AC65474E15A}.Debug|Any CPU.Build.0 = Debug|Any CPU
		{A48D8AA7-1162-4CB0-8D74-4AC65474E15A}.Debug|x64.ActiveCfg = Debug|Any CPU
		{A48D8AA7-1162-4CB0-8D74-4AC65474E15A}.Debug|x64.Build.0 = Debug|Any CPU
		{A48D8AA7-1162-4CB0-8D74-4AC65474E15A}.Debug|x86.ActiveCfg = Debug|Any CPU
		{A48D8AA7-1162-4CB0-8D74-4AC65474E15A}.Debug|x86.Build.0 = Debug|Any CPU
		{A48D8AA7-1162-4CB0-8D74-4AC65474E15A}.MinSizeRel|Any CPU.ActiveCfg = Debug|Any CPU
		{A48D8AA7-1162-4CB0-8D74-4AC65474E15A}.MinSizeRel|Any CPU.Build.0 = Debug|Any CPU
		{A48D8AA7-1162-4CB0-8D74-4AC65474E15A}.MinSizeRel|x64.ActiveCfg = Debug|Any CPU
		{A48D8AA7-1162-4CB0-8D74-4AC65474E15A}.MinSizeRel|x64.Build.0 = Debug|Any CPU
		{A48D8AA7-1162-4CB0-8D74-4AC65474E15A}.MinSizeRel|x86.ActiveCfg = Debug|Any CPU
		{A48D8AA7-1162-4CB0-8D74-4AC65474E15A}.MinSizeRel|x86.Build.0 = Debug|Any CPU
		{A48D8AA7-1162-4CB0-8D74-4AC65474E15A}.Release|Any CPU.ActiveCfg = Release|Any CPU
		{A48D8AA7-1162-4CB0-8D74-4AC65474E15A}.Release|Any CPU.Build.0 = Release|Any CPU
		{A48D8AA7-1162-4CB0-8D74-4AC65474E15A}.Release|x64.ActiveCfg = Release|Any CPU
		{A48D8AA7-1162-4CB0-8D74-4AC65474E15A}.Release|x64.Build.0 = Release|Any CPU
		{A48D8AA7-1162-4CB0-8D74-4AC65474E15A}.Release|x86.ActiveCfg = Release|Any CPU
		{A48D8AA7-1162-4CB0-8D74-4AC65474E15A}.Release|x86.Build.0 = Release|Any CPU
		{A48D8AA7-1162-4CB0-8D74-4AC65474E15A}.RelWithDebInfo|Any CPU.ActiveCfg = Release|Any CPU
		{A48D8AA7-1162-4CB0-8D74-4AC65474E15A}.RelWithDebInfo|Any CPU.Build.0 = Release|Any CPU
		{A48D8AA7-1162-4CB0-8D74-4AC65474E15A}.RelWithDebInfo|x64.ActiveCfg = Release|Any CPU
		{A48D8AA7-1162-4CB0-8D74-4AC65474E15A}.RelWithDebInfo|x64.Build.0 = Release|Any CPU
		{A48D8AA7-1162-4CB0-8D74-4AC65474E15A}.RelWithDebInfo|x86.ActiveCfg = Release|Any CPU
		{A48D8AA7-1162-4CB0-8D74-4AC65474E15A}.RelWithDebInfo|x86.Build.0 = Release|Any CPU
	EndGlobalSection
	GlobalSection(SolutionProperties) = preSolution
		HideSolutionNode = FALSE
	EndGlobalSection
	GlobalSection(ExtensibilityGlobals) = postSolution
		SolutionGuid = {3B1C9103-2BF5-466A-A52F-8AA64F1D702A}
	EndGlobalSection
EndGlobal
